
# cargo-vet imports lock

[[publisher.anstream]]
version = "1.0.0"
when = "2026-02-11"
user-id = 6743
user-login = "epage"
user-name = "Ed Page"

[[publisher.anstyle]]
version = "1.0.14"
when = "2026-03-13"
user-id = 6743
user-login = "epage"
user-name = "Ed Page"

[[publisher.anstyle-parse]]
version = "1.0.0"
when = "2026-02-11"
user-id = 6743
user-login = "epage"
user-name = "Ed Page"

[[publisher.anstyle-query]]
version = "1.1.5"
when = "2025-11-13"
user-id = 6743
user-login = "epage"
user-name = "Ed Page"

[[publisher.anstyle-wincon]]
version = "3.0.11"
when = "2025-11-13"
user-id = 6743
user-login = "epage"
user-name = "Ed Page"

[[publisher.bstr]]
version = "1.13.1"
when = "2026-08-10"
user-id = 189
user-login = "BurntSushi"
user-name = "Andrew Gallant"

[[publisher.clap]]
version = "4.6.7"
when = "2026-09-14"
user-id = 6743
user-login = "epage"
user-name = "Ed Page"

[[publisher.clap_builder]]
version = "4.6.7"
when = "2026-09-14"
user-id = 6743
user-login = "epage"
user-name = "Ed Page"

[[publisher.clap_derive]]
version = "4.6.7"
when = "2026-09-14"
user-id = 6743
user-login = "epage"
user-name = "Ed Page"

[[publisher.clap_lex]]
version = "1.1.1"
when = "2026-09-14"
user-id = 6743
user-login = "epage"
user-name = "Ed Page"

[[publisher.colorchoice]]
version = "1.0.5"
when = "2026-03-13"
user-id = 6743
user-login = "epage"
user-name = "Ed Page"

[[publisher.hashbrown]]
version = "0.15.2"
when = "2024-11-25"
user-id = 2915
user-login = "Amanieu"
user-name = "Amanieu d'Antras"

[[publisher.indexmap]]
version = "2.14.2"
when = "2026-09-05"
user-id = 539
user-login = "cuviper"
user-name = "Josh Stone"

[[publisher.is_terminal_polyfill]]
version = "1.70.2"
when = "2025-10-21"
user-id = 6743
user-login = "epage"
user-name = "Ed Page"

[[publisher.itoa]]
version = "1.0.18"
when = "2026-03-20"
user-id = 3618
user-login = "dtolnay"
user-name = "David Tolnay"

[[publisher.memchr]]
version = "2.8.3"
when = "2026-07-08"
user-id = 189
user-login = "BurntSushi"
user-name = "Andrew Gallant"

[[publisher.once_cell_polyfill]]
version = "1.70.2"
when = "2025-10-21"
user-id = 6743
user-login = "epage"
user-name = "Ed Page"

[[publisher.proc-macro2]]
version = "1.0.107"
when = "2026-07-19"
user-id = 3618
user-login = "dtolnay"
user-name = "David Tolnay"

[[publisher.serde]]
version = "1.0.229"
when = "2026-07-18"
user-id = 3618
user-login = "dtolnay"
user-name = "David Tolnay"

[[publisher.serde_core]]
version = "1.0.229"
when = "2026-07-18"
user-id = 3618
user-login = "dtolnay"
user-name = "David Tolnay"

[[publisher.serde_derive]]
version = "1.0.229"
when = "2026-07-18"
user-id = 3618
user-login = "dtolnay"
user-name = "David Tolnay"

[[publisher.serde_json]]
version = "1.0.151"
when = "2026-07-20"
user-id = 3618
user-login = "dtolnay"
user-name = "David Tolnay"

[[publisher.syn]]
version = "2.0.119"
when = "2026-07-15"
user-id = 3618
user-login = "dtolnay"
user-name = "David Tolnay"

[[publisher.syn]]
version = "3.0.6"
when = "2026-09-16"
user-id = 3618
user-login = "dtolnay"
user-name = "David Tolnay"

[[publisher.thiserror]]
version = "2.0.21"
when = "2026-09-23"
user-id = 3618
user-login = "dtolnay"
user-name = "David Tolnay"

[[publisher.thiserror-impl]]
version = "2.0.21"
when = "2026-09-23"
user-id = 3618
user-login = "dtolnay"
user-name = "David Tolnay"

[[publisher.toml]]
version = "1.1.6+spec-1.1.0"
when = "2026-09-10"
user-id = 6743
user-login = "epage"
user-name = "Ed Page"

[[publisher.toml_parser]]
version = "1.1.3+spec-1.1.0"
when = "2026-07-27"
user-id = 6743
user-login = "epage"
user-name = "Ed Page"

[[publisher.toml_writer]]
version = "1.1.2+spec-1.1.0"
when = "2026-07-14"
user-id = 6743
user-login = "epage"
user-name = "Ed Page"

[[publisher.unicase]]
version = "2.9.0"
when = "2026-01-06"
user-id = 359
user-login = "seanmonstar"
user-name = "Sean McArthur"

[[publisher.unicode-ident]]
version = "1.0.26"
when = "2026-09-17"
user-id = 3618
user-login = "dtolnay"
user-name = "David Tolnay"

[[publisher.winnow]]
version = "1.0.4"
when = "2026-07-13"
user-id = 6743
user-login = "epage"
user-name = "Ed Page"

[[publisher.zmij]]
version = "1.0.23"
when = "2026-07-13"
user-id = 3618
user-login = "dtolnay"
user-name = "David Tolnay"

[[audits.bytecode-alliance.audits.cargo_metadata]]
who = "Pat Hickey <phickey@fastly.com>"
criteria = "safe-to-deploy"
version = "0.15.3"
notes = "no build, no unsafe, inputs to cargo command are reasonably sanitized"

[[audits.bytecode-alliance.audits.cargo_metadata]]
who = "Alex Crichton <alex@alexcrichton.com>"
criteria = "safe-to-deploy"
delta = "0.17.0 -> 0.18.1"
notes = "No major changes, no unsafe code here."

[[audits.bytecode-alliance.audits.cargo_metadata]]
who = "Alex Crichton <alex@alexcrichton.com>"
criteria = "safe-to-deploy"
delta = "0.18.1 -> 0.19.2"
notes = "Dependency updates and minor changes, nothing suspicious."

[[audits.bytecode-alliance.audits.errno]]
who = "Dan Gohman <dev@sunfishcode.online>"
criteria = "safe-to-deploy"
delta = "0.3.9 -> 0.3.10"

[[audits.bytecode-alliance.audits.heck]]
who = "Alex Crichton <alex@alexcrichton.com>"
criteria = "safe-to-deploy"
delta = "0.4.1 -> 0.5.0"
notes = "Minor changes for a `no_std` upgrade but otherwise everything looks as expected."

[[audits.bytecode-alliance.audits.semver]]
who = "Pat Hickey <phickey@fastly.com>"
criteria = "safe-to-deploy"
version = "1.0.17"
notes = "plenty of unsafe pointer and vec tricks, but in well-structured and commented code that appears to be correct"

[[audits.embark-studios.audits.cargo_metadata]]
who = "Johan Andersson <opensource@embark-studios.com>"
criteria = "safe-to-deploy"
delta = "0.15.3 -> 0.15.4"
notes = "No notable changes"

[[audits.embark-studios.audits.cargo_metadata]]
who = "Johan Andersson <opensource@embark-studios.com>"
criteria = "safe-to-deploy"
delta = "0.15.4 -> 0.17.0"
notes = "No notable changes"

[[audits.embark-studios.audits.similar]]
who = "Johan Andersson <opensource@embark-studios.com>"
criteria = "safe-to-deploy"
version = "2.2.1"
notes = "No unsafe usage or ambient capabilities"

[[audits.embark-studios.audits.utf8parse]]
who = "Johan Andersson <opensource@embark-studios.com>"
criteria = "safe-to-deploy"
version = "0.2.1"
notes = "Single unsafe usage that looks sound, no ambient capabilities"

[audits.fermyon.audits]

[[audits.google.audits.equivalent]]
who = "George Burgess IV <gbiv@google.com>"
criteria = "safe-to-deploy"
version = "1.0.1"
aggregated-from = "https://chromium.googlesource.com/chromiumos/third_party/rust_crates/+/refs/heads/main/cargo-vet/audits.toml?format=TEXT"

[[audits.google.audits.equivalent]]
who = "Jonathan Hao <phao@chromium.org>"
criteria = "safe-to-deploy"
delta = "1.0.1 -> 1.0.2"
notes = "No changes to any .rs files or Rust code."
aggregated-from = "https://chromium.googlesource.com/chromium/src/+/main/third_party/rust/chromium_crates_io/supply-chain/audits.toml?format=TEXT"

[[audits.google.audits.errno]]
who = "Ying Hsu <yinghsu@chromium.org>"
criteria = "safe-to-run"
version = "0.3.8"
aggregated-from = "https://chromium.googlesource.com/chromiumos/third_party/rust_crates/+/refs/heads/main/cargo-vet/audits.toml?format=TEXT"

[[audits.google.audits.heck]]
who = "Lukasz Anforowicz <lukasza@chromium.org>"
criteria = "safe-to-deploy"
version = "0.4.1"
notes = """
Grepped for `-i cipher`, `-i crypto`, `'\bfs\b'``, `'\bnet\b'``, `'\bunsafe\b'``
and there were no hits.

`heck` (version `0.3.3`) has been added to Chromium in
https://source.chromium.org/chromium/chromium/src/+/28841c33c77833cc30b286f9ae24c97e7a8f4057
"""
aggregated-from = "https://chromium.googlesource.com/chromium/src/+/main/third_party/rust/chromium_crates_io/supply-chain/audits.toml?format=TEXT"

[[audits.google.audits.once_cell]]
who = "Ying Hsu <yinghsu@chromium.org>"
criteria = "safe-to-run"
version = "1.19.0"
aggregated-from = "https://chromium.googlesource.com/chromiumos/third_party/rust_crates/+/refs/heads/main/cargo-vet/audits.toml?format=TEXT"

[[audits.google.audits.quote]]
who = "Lukasz Anforowicz <lukasza@chromium.org>"
criteria = "safe-to-deploy"
version = "1.0.35"
notes = """
Grepped for "unsafe", "crypt", "cipher", "fs", "net" - there were no hits
(except for benign "net" hit in tests and "fs" hit in README.md)
"""
aggregated-from = "https://chromium.googlesource.com/chromium/src/+/main/third_party/rust/chromium_crates_io/supply-chain/audits.toml?format=TEXT"

[[audits.google.audits.quote]]
who = "Adrian Taylor <adetaylor@chromium.org>"
criteria = "safe-to-deploy"
delta = "1.0.35 -> 1.0.36"
aggregated-from = "https://chromium.googlesource.com/chromium/src/+/main/third_party/rust/chromium_crates_io/supply-chain/audits.toml?format=TEXT"

[[audits.google.audits.quote]]
who = "Lukasz Anforowicz <lukasza@chromium.org>"
criteria = "safe-to-deploy"
delta = "1.0.36 -> 1.0.37"
notes = """
The delta just 1) inlines/expands `impl ToTokens` that used to be handled via
`primitive!` macro and 2) adds `impl ToTokens` for `CStr` and `CString`.
"""
aggregated-from = "https://chromium.googlesource.com/chromium/src/+/main/third_party/rust/chromium_crates_io/supply-chain/audits.toml?format=TEXT"

[[audits.google.audits.quote]]
who = "Dustin J. Mitchell <djmitche@chromium.org>"
criteria = "safe-to-deploy"
delta = "1.0.37 -> 1.0.38"
notes = "Still no unsafe"
aggregated-from = "https://chromium.googlesource.com/chromium/src/+/main/third_party/rust/chromium_crates_io/supply-chain/audits.toml?format=TEXT"

[[audits.google.audits.quote]]
who = "Daniel Cheng <dcheng@chromium.org>"
criteria = "safe-to-deploy"
delta = "1.0.38 -> 1.0.39"
notes = "Only minor changes for clippy lints and documentation."
aggregated-from = "https://chromium.googlesource.com/chromium/src/+/main/third_party/rust/chromium_crates_io/supply-chain/audits.toml?format=TEXT"

[[audits.google.audits.quote]]
who = "Lukasz Anforowicz <lukasza@chromium.org>"
criteria = "safe-to-deploy"
delta = "1.0.39 -> 1.0.40"
notes = """
The delta is just a simplification of how `tokens.extend(...)` call is made.
Still no `unsafe` anywhere.
"""
aggregated-from = "https://chromium.googlesource.com/chromium/src/+/main/third_party/rust/chromium_crates_io/supply-chain/audits.toml?format=TEXT"

[[audits.google.audits.strsim]]
who = "danakj@chromium.org"
criteria = "safe-to-deploy"
version = "0.10.0"
notes = """
Reviewed in https://crrev.com/c/5171063

Previously reviewed during security review and the audit is grandparented in.
"""
aggregated-from = "https://chromium.googlesource.com/chromium/src/+/main/third_party/rust/chromium_crates_io/supply-chain/audits.toml?format=TEXT"

[[audits.google.audits.tempfile]]
who = "Ying Hsu <yinghsu@chromium.org>"
criteria = "safe-to-run"
version = "3.10.1"
aggregated-from = "https://chromium.googlesource.com/chromiumos/third_party/rust_crates/+/refs/heads/main/cargo-vet/audits.toml?format=TEXT"

[[audits.isrg.audits.once_cell]]
who = "David Cook <dcook@divviup.org>"
criteria = "safe-to-deploy"
delta = "1.19.0 -> 1.20.1"

[[audits.isrg.audits.once_cell]]
who = "J.C. Jones <jc@insufficient.coffee>"
criteria = "safe-to-deploy"
delta = "1.21.1 -> 1.21.3"
notes = "The unsafe code has moved from `compare_exchange` to a new `init` function, which makes it easier to reason about."

[[audits.isrg.audits.once_cell]]
who = "J.C. Jones <jc@divviup.org>"
criteria = "safe-to-deploy"
delta = "1.21.3 -> 1.21.4"
notes = "The addition is a safe while loop around prior behavior. I don't see any way for that to become malicious."

[[audits.mozilla.audits.cargo-platform]]
who = "Ben Dean-Kawamura <bdk@mozilla.com>"
criteria = "safe-to-deploy"
version = "0.3.2"
notes = "Defines a Platform enum for `cargo-metadata` to use.  No unsafe code."
aggregated-from = "https://raw.githubusercontent.com/mozilla-firefox/firefox/main/supply-chain/audits.toml"

[[audits.mozilla.audits.cargo_metadata]]
who = "Ben Dean-Kawamura <bdk@mozilla.com>"
criteria = "safe-to-deploy"
delta = "0.19.2 -> 0.23.1"
notes = "Some dependency updates and very minor API changes.  No new unsafe code."
aggregated-from = "https://raw.githubusercontent.com/mozilla-firefox/firefox/main/supply-chain/audits.toml"

[[audits.mozilla.audits.hashbrown]]
who = "Erich Gubler <erichdongubler@gmail.com>"
criteria = "safe-to-deploy"
delta = "0.15.2 -> 0.15.5"
aggregated-from = "https://raw.githubusercontent.com/mozilla-firefox/firefox/main/supply-chain/audits.toml"

[[audits.mozilla.audits.hashbrown]]
who = "Erich Gubler <erichdongubler@gmail.com>"
criteria = "safe-to-deploy"
delta = "0.15.5 -> 0.16.0"
aggregated-from = "https://raw.githubusercontent.com/mozilla-firefox/firefox/main/supply-chain/audits.toml"

[[audits.mozilla.audits.hashbrown]]
who = "Erich Gubler <erichdongubler@gmail.com>"
criteria = "safe-to-deploy"
delta = "0.16.0 -> 0.16.1"
aggregated-from = "https://raw.githubusercontent.com/mozilla-firefox/firefox/main/supply-chain/audits.toml"

[[audits.mozilla.audits.hashbrown]]
who = "Erich Gubler <erichdongubler@gmail.com>"
criteria = "safe-to-deploy"
delta = "0.16.1 -> 0.17.0"
aggregated-from = "https://raw.githubusercontent.com/mozilla-firefox/firefox/main/supply-chain/audits.toml"

[[audits.mozilla.audits.hashbrown]]
who = "Erich Gubler <erichdongubler@gmail.com>"
criteria = "safe-to-deploy"
delta = "0.17.0 -> 0.17.1"
aggregated-from = "https://raw.githubusercontent.com/mozilla-firefox/firefox/main/supply-chain/audits.toml"

[[audits.mozilla.audits.once_cell]]
who = "Erich Gubler <erichdongubler@gmail.com>"
criteria = "safe-to-deploy"
delta = "1.20.1 -> 1.20.2"
notes = "This update works around a Cargo bug that forces the addition of `portable-atomic` into a lockfile, which we have never needed to use."
aggregated-from = "https://raw.githubusercontent.com/mozilla-firefox/firefox/main/supply-chain/audits.toml"

[[audits.mozilla.audits.once_cell]]
who = "Erich Gubler <erichdongubler@gmail.com>"
criteria = "safe-to-deploy"
delta = "1.20.2 -> 1.20.3"
aggregated-from = "https://raw.githubusercontent.com/mozilla-firefox/firefox/main/supply-chain/audits.toml"

[[audits.mozilla.audits.once_cell]]
who = "Erich Gubler <erichdongubler@gmail.com>"
criteria = "safe-to-deploy"
delta = "1.20.3 -> 1.21.1"
aggregated-from = "https://raw.githubusercontent.com/mozilla-firefox/firefox/main/supply-chain/audits.toml"

[[audits.mozilla.audits.quote]]
who = "Jan-Erik Rediger <jrediger@mozilla.com>"
criteria = "safe-to-deploy"
delta = "1.0.40 -> 1.0.45"
aggregated-from = "https://raw.githubusercontent.com/mozilla/glean/main/supply-chain/audits.toml"

[[audits.mozilla.audits.quote]]
who = "Jan-Erik Rediger <jrediger@mozilla.com>"
criteria = "safe-to-deploy"
delta = "1.0.45 -> 1.0.47"
aggregated-from = "https://raw.githubusercontent.com/mozilla/glean/main/supply-chain/audits.toml"

[[audits.mozilla.audits.semver]]
who = "Ben Dean-Kawamura <bdk@mozilla.com>"
criteria = "safe-to-deploy"
delta = "1.0.16 -> 1.0.28"
notes = "Very few changes, mostly removes support for older Rust versions.  Some unsafe code refactored, but it seemed to be functionally equivalent to me."
aggregated-from = "https://raw.githubusercontent.com/mozilla-firefox/firefox/main/supply-chain/audits.toml"

[[audits.mozilla.audits.semver]]
who = "Bobby Holley <bobbyholley@gmail.com>"
criteria = "safe-to-deploy"
delta = "1.0.17 -> 1.0.16"
aggregated-from = "https://raw.githubusercontent.com/mozilla-firefox/firefox/main/supply-chain/audits.toml"

[[audits.mozilla.audits.serde_spanned]]
who = "Ben Dean-Kawamura <bdk@mozilla.com>"
criteria = "safe-to-deploy"
version = "1.0.3"
notes = "Relatively simple Serde trait implementations.  No IO or unsafe code."
aggregated-from = "https://raw.githubusercontent.com/mozilla-firefox/firefox/main/supply-chain/audits.toml"

[[audits.mozilla.audits.serde_spanned]]
who = "Ben Dean-Kawamura <bdk@mozilla.com>"
criteria = "safe-to-deploy"
delta = "1.0.3 -> 1.1.1"
notes = "No code changes, just dependency updates."
aggregated-from = "https://raw.githubusercontent.com/mozilla-firefox/firefox/main/supply-chain/audits.toml"

[[audits.mozilla.audits.similar]]
who = "Nika Layzell <nika@thelayzells.com>"
criteria = "safe-to-deploy"
delta = "2.2.1 -> 2.7.0"
aggregated-from = "https://raw.githubusercontent.com/mozilla/cargo-vet/main/supply-chain/audits.toml"

[[audits.mozilla.audits.strsim]]
who = "Ben Dean-Kawamura <bdk@mozilla.com>"
criteria = "safe-to-deploy"
delta = "0.10.0 -> 0.11.1"
aggregated-from = "https://raw.githubusercontent.com/mozilla-firefox/firefox/main/supply-chain/audits.toml"

[[audits.mozilla.audits.tempfile]]
who = "Chris Martin <cmartin@mozilla.com>"
criteria = "safe-to-deploy"
delta = "3.10.1 -> 3.16.0"
notes = "Big change, but nothing unsafe and lots of it is documentation and convenience APIs"
aggregated-from = "https://raw.githubusercontent.com/mozilla-firefox/firefox/main/supply-chain/audits.toml"

[[audits.mozilla.audits.tempfile]]
who = "Jim Blandy <jimb@red-bean.com>"
criteria = "safe-to-deploy"
delta = "3.16.0 -> 3.27.0"
aggregated-from = "https://raw.githubusercontent.com/mozilla-firefox/firefox/main/supply-chain/audits.toml"

[[audits.mozilla.audits.toml_datetime]]
who = "Jan-Erik Rediger <jrediger@mozilla.com>"
criteria = "safe-to-deploy"
version = "0.7.5+spec-1.1.0"
notes = "Pure data type crate with some datetime parsing. No unsafe."
aggregated-from = "https://raw.githubusercontent.com/mozilla/glean/main/supply-chain/audits.toml"

[[audits.mozilla.audits.toml_datetime]]
who = "Ben Dean-Kawamura <bdk@mozilla.com>"
criteria = "safe-to-deploy"
delta = "0.7.3 -> 1.1.1+spec-1.1.0"
notes = "Minimal changes, no new unsafe code."
aggregated-from = "https://raw.githubusercontent.com/mozilla-firefox/firefox/main/supply-chain/audits.toml"

[[audits.mozilla.audits.toml_datetime]]
who = "Jan-Erik Rediger <jrediger@mozilla.com>"
criteria = "safe-to-deploy"
delta = "0.7.5+spec-1.1.0 -> 0.7.3"
notes = "Version downgrade to cover the full vetted version range"
aggregated-from = "https://raw.githubusercontent.com/mozilla/glean/main/supply-chain/audits.toml"

[[audits.mozilla.audits.utf8parse]]
who = "Nika Layzell <nika@thelayzells.com>"
criteria = "safe-to-deploy"
delta = "0.2.1 -> 0.2.2"
aggregated-from = "https://raw.githubusercontent.com/mozilla/cargo-vet/main/supply-chain/audits.toml"

[[audits.mozilla.audits.windows-link]]
who = "Mark Hammond <mhammond@skippinet.com.au>"
criteria = "safe-to-deploy"
version = "0.1.1"
notes = "A microsoft crate allowing unsafe calls to windows apis."
aggregated-from = "https://raw.githubusercontent.com/mozilla-firefox/firefox/main/supply-chain/audits.toml"

[[audits.mozilla.audits.windows-link]]
who = "Erich Gubler <erichdongubler@gmail.com>"
criteria = "safe-to-deploy"
delta = "0.1.1 -> 0.2.0"
aggregated-from = "https://raw.githubusercontent.com/mozilla-firefox/firefox/main/supply-chain/audits.toml"

[[audits.zcash.audits.errno]]
who = "Daira-Emma Hopwood <daira@jacaranda.org>"
criteria = "safe-to-deploy"
delta = "0.3.8 -> 0.3.9"
aggregated-from = "https://raw.githubusercontent.com/zcash/librustzcash/main/supply-chain/audits.toml"

[[audits.zcash.audits.errno]]
who = "Jack Grigg <jack@electriccoin.co>"
criteria = "safe-to-deploy"
delta = "0.3.10 -> 0.3.11"
notes = "The `__errno` location for vxworks and cygwin looks correct from a quick search."
aggregated-from = "https://raw.githubusercontent.com/zcash/wallet/main/supply-chain/audits.toml"

[[audits.zcash.audits.errno]]
who = "Jack Grigg <jack@electriccoin.co>"
criteria = "safe-to-deploy"
delta = "0.3.11 -> 0.3.13"
aggregated-from = "https://raw.githubusercontent.com/zcash/zcash/master/qa/supply-chain/audits.toml"

[[audits.zcash.audits.errno]]
who = "Jack Grigg <jack@electriccoin.co>"
criteria = "safe-to-deploy"
delta = "0.3.13 -> 0.3.14"
aggregated-from = "https://raw.githubusercontent.com/zcash/librustzcash/main/supply-chain/audits.toml"

[[audits.zcash.audits.windows-link]]
who = "Jack Grigg <jack@electriccoin.co>"
criteria = "safe-to-deploy"
delta = "0.2.0 -> 0.2.1"
notes = "No code changes at all."
aggregated-from = "https://raw.githubusercontent.com/zcash/librustzcash/main/supply-chain/audits.toml"
